// !$*UTF8*$!
{
	archiveVersion = 1;
	classes = {
	};
	objectVersion = 56;
	objects = {

/* Begin PBXBuildFile section */
		A630D5DD29B8D62F00EC8EC0 /* iBeaconTests.swift in Sources */ = {isa = PBXBuildFile; fileRef = A630D5DC29B8D62F00EC8EC0 /* iBeaconTests.swift */; };
		A630D5E429B8D73E00EC8EC0 /* MathUnitTest.swift in Sources */ = {isa = PBXBuildFile; fileRef = A630D5E329B8D73E00EC8EC0 /* MathUnitTest.swift */; };
		A63AEEF429B5DF0F005EEBB7 /* AppDelegate.swift in Sources */ = {isa = PBXBuildFile; fileRef = A63AEEF329B5DF0F005EEBB7 /* AppDelegate.swift */; };
		A63AEEF629B5DF0F005EEBB7 /* SceneDelegate.swift in Sources */ = {isa = PBXBuildFile; fileRef = A63AEEF529B5DF0F005EEBB7 /* SceneDelegate.swift */; };
		A63AEEFD29B5DF13005EEBB7 /* Assets.xcassets in Resources */ = {isa = PBXBuildFile; fileRef = A63AEEFC29B5DF13005EEBB7 /* Assets.xcassets */; };
		A63AEF0029B5DF13005EEBB7 /* LaunchScreen.storyboard in Resources */ = {isa = PBXBuildFile; fileRef = A63AEEFE29B5DF13005EEBB7 /* LaunchScreen.storyboard */; };
		A63AEF0A29B5DF65005EEBB7 /* MainVC.swift in Sources */ = {isa = PBXBuildFile; fileRef = A63AEF0829B5DF65005EEBB7 /* MainVC.swift */; };
		A63AEF0B29B5DF65005EEBB7 /* MainVC.xib in Resources */ = {isa = PBXBuildFile; fileRef = A63AEF0929B5DF65005EEBB7 /* MainVC.xib */; };
/* End PBXBuildFile section */

/* Begin PBXContainerItemProxy section */
		A630D5DE29B8D62F00EC8EC0 /* PBXContainerItemProxy */ = {
			isa = PBXContainerItemProxy;
			containerPortal = A63AEEE829B5DF0F005EEBB7 /* Project object */;
			proxyType = 1;
			remoteGlobalIDString = A63AEEEF29B5DF0F005EEBB7;
			remoteInfo = iBeacon;
		};
/* End PBXContainerItemProxy section */

/* Begin PBXFileReference section */
		A630D5DA29B8D62F00EC8EC0 /* iBeaconTests.xctest */ = {isa = PBXFileReference; explicitFileType = wrapper.cfbundle; includeInIndex = 0; path = iBeaconTests.xctest; sourceTree = BUILT_PRODUCTS_DIR; };
		A630D5DC29B8D62F00EC8EC0 /* iBeaconTests.swift */ = {isa = PBXFileReference; lastKnownFileType = sourcecode.swift; path = iBeaconTests.swift; sourceTree = "<group>"; };
		A630D5E329B8D73E00EC8EC0 /* MathUnitTest.swift */ = {isa = PBXFileReference; lastKnownFileType = sourcecode.swift; path = MathUnitTest.swift; sourceTree = "<group>"; };
		A63AEEF029B5DF0F005EEBB7 /* iBeacon.app */ = {isa = PBXFileReference; explicitFileType = wrapper.application; includeInIndex = 0; path = iBeacon.app; sourceTree = BUILT_PRODUCTS_DIR; };
		A63AEEF329B5DF0F005EEBB7 /* AppDelegate.swift */ = {isa = PBXFileReference; lastKnownFileType = sourcecode.swift; path = AppDelegate.swift; sourceTree = "<group>"; };
		A63AEEF529B5DF0F005EEBB7 /* SceneDelegate.swift */ = {isa = PBXFileReference; lastKnownFileType = sourcecode.swift; path = SceneDelegate.swift; sourceTree = "<group>"; };
		A63AEEFC29B5DF13005EEBB7 /* Assets.xcassets */ = {isa = PBXFileReference; lastKnownFileType = folder.assetcatalog; path = Assets.xcassets; sourceTree = "<group>"; };
		A63AEEFF29B5DF13005EEBB7 /* Base */ = {isa = PBXFileReference; lastKnownFileType = file.storyboard; name = Base; path = Base.lproj/LaunchScreen.storyboard; sourceTree = "<group>"; };
		A63AEF0129B5DF13005EEBB7 /* Info.plist */ = {isa = PBXFileReference; lastKnownFileType = text.plist.xml; path = Info.plist; sourceTree = "<group>"; };
		A63AEF0829B5DF65005EEBB7 /* MainVC.swift */ = {isa = PBXFileReference; lastKnownFileType = sourcecode.swift; path = MainVC.swift; sourceTree = "<group>"; };
		A63AEF0929B5DF65005EEBB7 /* MainVC.xib */ = {isa = PBXFileReference; lastKnownFileType = file.xib; path = MainVC.xib; sourceTree = "<group>"; };
/* End PBXFileReference section */

/* Begin PBXFrameworksBuildPhase section */
		A630D5D729B8D62F00EC8EC0 /* Frameworks */ = {
			isa = PBXFrameworksBuildPhase;
			buildActionMask = 2147483647;
			files = (
			);
			runOnlyForDeploymentPostprocessing = 0;
		};
		A63AEEED29B5DF0F005EEBB7 /* Frameworks */ = {
			isa = PBXFrameworksBuildPhase;
			buildActionMask = 2147483647;
			files = (
			);
			runOnlyForDeploymentPostprocessing = 0;
		};
/* End PBXFrameworksBuildPhase section */

/* Begin PBXGroup section */
		A630D5DB29B8D62F00EC8EC0 /* iBeaconTests */ = {
			isa = PBXGroup;
			children = (
				A630D5DC29B8D62F00EC8EC0 /* iBeaconTests.swift */,
				A630D5E329B8D73E00EC8EC0 /* MathUnitTest.swift */,
			);
			path = iBeaconTests;
			sourceTree = "<group>";
		};
		A63AEEE729B5DF0F005EEBB7 = {
			isa = PBXGroup;
			children = (
				A63AEEF229B5DF0F005EEBB7 /* iBeacon */,
				A630D5DB29B8D62F00EC8EC0 /* iBeaconTests */,
				A63AEEF129B5DF0F005EEBB7 /* Products */,
			);
			sourceTree = "<group>";
		};
		A63AEEF129B5DF0F005EEBB7 /* Products */ = {
			isa = PBXGroup;
			children = (
				A63AEEF029B5DF0F005EEBB7 /* iBeacon.app */,
				A630D5DA29B8D62F00EC8EC0 /* iBeaconTests.xctest */,
			);
			name = Products;
			sourceTree = "<group>";
		};
		A63AEEF229B5DF0F005EEBB7 /* iBeacon */ = {
			isa = PBXGroup;
			children = (
				A63AEF0729B5DF4B005EEBB7 /* MainVC */,
				A63AEEF329B5DF0F005EEBB7 /* AppDelegate.swift */,
				A63AEEF529B5DF0F005EEBB7 /* SceneDelegate.swift */,
				A63AEEFC29B5DF13005EEBB7 /* Assets.xcassets */,
				A63AEEFE29B5DF13005EEBB7 /* LaunchScreen.storyboard */,
				A63AEF0129B5DF13005EEBB7 /* Info.plist */,
			);
			path = iBeacon;
			sourceTree = "<group>";
		};
		A63AEF0729B5DF4B005EEBB7 /* MainVC */ = {
			isa = PBXGroup;
			children = (
				A63AEF0829B5DF65005EEBB7 /* MainVC.swift */,
				A63AEF0929B5DF65005EEBB7 /* MainVC.xib */,
			);
			path = MainVC;
			sourceTree = "<group>";
		};
/* End PBXGroup section */

/* Begin PBXNativeTarget section */
		A630D5D929B8D62F00EC8EC0 /* iBeaconTests */ = {
			isa = PBXNativeTarget;
			buildConfigurationList = A630D5E029B8D62F00EC8EC0 /* Build configuration list for PBXNativeTarget "iBeaconTests" */;
			buildPhases = (
				A630D5D629B8D62F00EC8EC0 /* Sources */,
				A630D5D729B8D62F00EC8EC0 /* Frameworks */,
				A630D5D829B8D62F00EC8EC0 /* Resources */,
			);
			buildRules = (
			);
			dependencies = (
				A630D5DF29B8D62F00EC8EC0 /* PBXTargetDependency */,
			);
			name = iBeaconTests;
			productName = iBeaconTests;
			productReference = A630D5DA29B8D62F00EC8EC0 /* iBeaconTests.xctest */;
			productType = "com.apple.product-type.bundle.unit-test";
		};
		A63AEEEF29B5DF0F005EEBB7 /* iBeacon */ = {
			isa = PBXNativeTarget;
			buildConfigurationList = A63AEF0429B5DF13005EEBB7 /* Build configuration list for PBXNativeTarget "iBeacon" */;
			buildPhases = (
				A63AEEEC29B5DF0F005EEBB7 /* Sources */,
				A63AEEED29B5DF0F005EEBB7 /* Frameworks */,
				A63AEEEE29B5DF0F005EEBB7 /* Resources */,
			);
			buildRules = (
			);
			dependencies = (
			);
			name = iBeacon;
			packageProductDependencies = (
			);
			productName = iBeacon;
			productReference = A63AEEF029B5DF0F005EEBB7 /* iBeacon.app */;
			productType = "com.apple.product-type.application";
		};
/* End PBXNativeTarget section */

/* Begin PBXProject section */
		A63AEEE829B5DF0F005EEBB7 /* Project object */ = {
			isa = PBXProject;
			attributes = {
				BuildIndependentTargetsInParallel = 1;
				LastSwiftUpdateCheck = 1420;
				LastUpgradeCheck = 1420;
				TargetAttributes = {
					A630D5D929B8D62F00EC8EC0 = {
						CreatedOnToolsVersion = 14.2;
						TestTargetID = A63AEEEF29B5DF0F005EEBB7;
					};
					A63AEEEF29B5DF0F005EEBB7 = {
						CreatedOnToolsVersion = 14.2;
					};
				};
			};
			buildConfigurationList = A63AEEEB29B5DF0F005EEBB7 /* Build configuration list for PBXProject "iBeacon" */;
			compatibilityVersion = "Xcode 14.0";
			developmentRegion = en;
			hasScannedForEncodings = 0;
			knownRegions = (
				en,
				Base,
			);
			mainGroup = A63AEEE729B5DF0F005EEBB7;
			productRefGroup = A63AEEF129B5DF0F005EEBB7 /* Products */;
			projectDirPath = "";
			projectRoot = "";
			targets = (
				A63AEEEF29B5DF0F005EEBB7 /* iBeacon */,
				A630D5D929B8D62F00EC8EC0 /* iBeaconTests */,
			);
		};
/* End PBXProject section */

/* Begin PBXResourcesBuildPhase section */
		A630D5D829B8D62F00EC8EC0 /* Resources */ = {
			isa = PBXResourcesBuildPhase;
			buildActionMask = 2147483647;
			files = (
			);
			runOnlyForDeploymentPostprocessing = 0;
		};
		A63AEEEE29B5DF0F005EEBB7 /* Resources */ = {
			isa = PBXResourcesBuildPhase;
			buildActionMask = 2147483647;
			files = (
				A63AEF0B29B5DF65005EEBB7 /* MainVC.xib in Resources */,
				A63AEF0029B5DF13005EEBB7 /* LaunchScreen.storyboard in Resources */,
				A63AEEFD29B5DF13005EEBB7 /* Assets.xcassets in Resources */,
			);
			runOnlyForDeploymentPostprocessing = 0;
		};
/* End PBXResourcesBuildPhase section */

/* Begin PBXSourcesBuildPhase section */
		A630D5D629B8D62F00EC8EC0 /* Sources */ = {
			isa = PBXSourcesBuildPhase;
			buildActionMask = 2147483647;
			files = (
				A630D5DD29B8D62F00EC8EC0 /* iBeaconTests.swift in Sources */,
				A630D5E429B8D73E00EC8EC0 /* MathUnitTest.swift in Sources */,
			);
			runOnlyForDeploymentPostprocessing = 0;
		};
		A63AEEEC29B5DF0F005EEBB7 /* Sources */ = {
			isa = PBXSourcesBuildPhase;
			buildActionMask = 2147483647;
			files = (
				A63AEEF429B5DF0F005EEBB7 /* AppDelegate.swift in Sources */,
				A63AEF0A29B5DF65005EEBB7 /* MainVC.swift in Sources */,
				A63AEEF629B5DF0F005EEBB7 /* SceneDelegate.swift in Sources */,
			);
			runOnlyForDeploymentPostprocessing = 0;
		};
/* End PBXSourcesBuildPhase section */

/* Begin PBXTargetDependency section */
		A630D5DF29B8D62F00EC8EC0 /* PBXTargetDependency */ = {
			isa = PBXTargetDependency;
			target = A63AEEEF29B5DF0F005EEBB7 /* iBeacon */;
			targetProxy = A630D5DE29B8D62F00EC8EC0 /* PBXContainerItemProxy */;
		};
/* End PBXTargetDependency section */

/* Begin PBXVariantGroup section */
		A63AEEFE29B5DF13005EEBB7 /* LaunchScreen.storyboard */ = {
			isa = PBXVariantGroup;
			children = (
				A63AEEFF29B5DF13005EEBB7 /* Base */,
			);
			name = LaunchScreen.storyboard;
			sourceTree = "<group>";
		};
/* End PBXVariantGroup section */

/* Begin XCBuildConfiguration section */
		A630D5E129B8D62F00EC8EC0 /* Debug */ = {
			isa = XCBuildConfiguration;
			buildSettings = {
				BUNDLE_LOADER = "$(TEST_HOST)";
				CODE_SIGN_STYLE = Automatic;
				CURRENT_PROJECT_VERSION = 1;
				DEVELOPMENT_TEAM = S8FBP4YLUA;
				GENERATE_INFOPLIST_FILE = YES;
				INFOPLIST_KEY_NSMainStoryboardFile = MainVC;
				IPHONEOS_DEPLOYMENT_TARGET = 16.2;
				MARKETING_VERSION = 1.0;
				PRODUCT_BUNDLE_IDENTIFIER = ios.iBeaconTests;
				PRODUCT_NAME = "$(TARGET_NAME)";
				SWIFT_EMIT_LOC_STRINGS = NO;
				SWIFT_VERSION = 5.0;
				TARGETED_DEVICE_FAMILY = "1,2";
				TEST_HOST = "$(BUILT_PRODUCTS_DIR)/iBeacon.app/$(BUNDLE_EXECUTABLE_FOLDER_PATH)/iBeacon";
			};
			name = Debug;
		};
		A630D5E229B8D62F00EC8EC0 /* Release */ = {
			isa = XCBuildConfiguration;
			buildSettings = {
				BUNDLE_LOADER = "$(TEST_HOST)";
				CODE_SIGN_STYLE = Automatic;
				CURRENT_PROJECT_VERSION = 1;
				DEVELOPMENT_TEAM = S8FBP4YLUA;
				GENERATE_INFOPLIST_FILE = YES;
				INFOPLIST_KEY_NSMainStoryboardFile = MainVC;
				IPHONEOS_DEPLOYMENT_TARGET = 16.2;
				MARKETING_VERSION = 1.0;
				PRODUCT_BUNDLE_IDENTIFIER = ios.iBeaconTests;
				PRODUCT_NAME = "$(TARGET_NAME)";
				SWIFT_EMIT_LOC_STRINGS = NO;
				SWIFT_VERSION = 5.0;
				TARGETED_DEVICE_FAMILY = "1,2";
				TEST_HOST = "$(BUILT_PRODUCTS_DIR)/iBeacon.app/$(BUNDLE_EXECUTABLE_FOLDER_PATH)/iBeacon";
			};
			name = Release;
		};
		A63AEF0229B5DF13005EEBB7 /* Debug */ = {
			isa = XCBuildConfiguration;
			buildSettings = {
				ALWAYS_SEARCH_USER_PATHS = NO;
				CLANG_ANALYZER_NONNULL = YES;
				CLANG_ANALYZER_NUMBER_OBJECT_CONVERSION = YES_AGGRESSIVE;
				CLANG_CXX_LANGUAGE_STANDARD = "gnu++20";
				CLANG_ENABLE_MODULES = YES;
				CLANG_ENABLE_OBJC_ARC = YES;
				CLANG_ENABLE_OBJC_WEAK = YES;
				CLANG_WARN_BLOCK_CAPTURE_AUTORELEASING = YES;
				CLANG_WARN_BOOL_CONVERSION = YES;
				CLANG_WARN_COMMA = YES;
				CLANG_WARN_CONSTANT_CONVERSION = YES;
				CLANG_WARN_DEPRECATED_OBJC_IMPLEMENTATIONS = YES;
				CLANG_WARN_DIRECT_OBJC_ISA_USAGE = YES_ERROR;
				CLANG_WARN_DOCUMENTATION_COMMENTS = YES;
				CLANG_WARN_EMPTY_BODY = YES;
				CLANG_WARN_ENUM_CONVERSION = YES;
				CLANG_WARN_INFINITE_RECURSION = YES;
				CLANG_WARN_INT_CONVERSION = YES;
				CLANG_WARN_NON_LITERAL_NULL_CONVERSION = YES;
				CLANG_WARN_OBJC_IMPLICIT_RETAIN_SELF = YES;
				CLANG_WARN_OBJC_LITERAL_CONVERSION = YES;
				CLANG_WARN_OBJC_ROOT_CLASS = YES_ERROR;
				CLANG_WARN_QUOTED_INCLUDE_IN_FRAMEWORK_HEADER = YES;
				CLANG_WARN_RANGE_LOOP_ANALYSIS = YES;
				CLANG_WARN_STRICT_PROTOTYPES = YES;
				CLANG_WARN_SUSPICIOUS_MOVE = YES;
				CLANG_WARN_UNGUARDED_AVAILABILITY = YES_AGGRESSIVE;
				CLANG_WARN_UNREACHABLE_CODE = YES;
				CLANG_WARN__DUPLICATE_METHOD_MATCH = YES;
				COPY_PHASE_STRIP = NO;
				DEBUG_INFORMATION_FORMAT = dwarf;
				ENABLE_STRICT_OBJC_MSGSEND = YES;
				ENABLE_TESTABILITY = YES;
				GCC_C_LANGUAGE_STANDARD = gnu11;
				GCC_DYNAMIC_NO_PIC = NO;
				GCC_NO_COMMON_BLOCKS = YES;
				GCC_OPTIMIZATION_LEVEL = 0;
				GCC_PREPROCESSOR_DEFINITIONS = (
					"DEBUG=1",
					"$(inherited)",
				);
				GCC_WARN_64_TO_32_BIT_CONVERSION = YES;
				GCC_WARN_ABOUT_RETURN_TYPE = YES_ERROR;
				GCC_WARN_UNDECLARED_SELECTOR = YES;
				GCC_WARN_UNINITIALIZED_AUTOS = YES_AGGRESSIVE;
				GCC_WARN_UNUSED_FUNCTION = YES;
				GCC_WARN_UNUSED_VARIABLE = YES;
				INFOPLIST_KEY_NSMainNibFile = "";
				INFOPLIST_KEY_NSMainStoryboardFile = "";
				INFOPLIST_KEY_UIMainStoryboardFile = "";
				IPHONEOS_DEPLOYMENT_TARGET = 16.0;
				MTL_ENABLE_DEBUG_INFO = INCLUDE_SOURCE;
				MTL_FAST_MATH = YES;
				ONLY_ACTIVE_ARCH = YES;
				SDKROOT = iphoneos;
				SWIFT_ACTIVE_COMPILATION_CONDITIONS = DEBUG;
				SWIFT_OPTIMIZATION_LEVEL = "-Onone";
			};
			name = Debug;
		};
		A63AEF0329B5DF13005EEBB7 /* Release */ = {
			isa = XCBuildConfiguration;
			buildSettings = {
				ALWAYS_SEARCH_USER_PATHS = NO;
				CLANG_ANALYZER_NONNULL = YES;
				CLANG_ANALYZER_NUMBER_OBJECT_CONVERSION = YES_AGGRESSIVE;
				CLANG_CXX_LANGUAGE_STANDARD = "gnu++20";
				CLANG_ENABLE_MODULES = YES;
				CLANG_ENABLE_OBJC_ARC = YES;
				CLANG_ENABLE_OBJC_WEAK = YES;
				CLANG_WARN_BLOCK_CAPTURE_AUTORELEASING = YES;
				CLANG_WARN_BOOL_CONVERSION = YES;
				CLANG_WARN_COMMA = YES;
				CLANG_WARN_CONSTANT_CONVERSION = YES;
				CLANG_WARN_DEPRECATED_OBJC_IMPLEMENTATIONS = YES;
				CLANG_WARN_DIRECT_OBJC_ISA_USAGE = YES_ERROR;
				CLANG_WARN_DOCUMENTATION_COMMENTS = YES;
				CLANG_WARN_EMPTY_BODY = YES;
				CLANG_WARN_ENUM_CONVERSION = YES;
				CLANG_WARN_INFINITE_RECURSION = YES;
				CLANG_WARN_INT_CONVERSION = YES;
				CLANG_WARN_NON_LITERAL_NULL_CONVERSION = YES;
				CLANG_WARN_OBJC_IMPLICIT_RETAIN_SELF = YES;
				CLANG_WARN_OBJC_LITERAL_CONVERSION = YES;
				CLANG_WARN_OBJC_ROOT_CLASS = YES_ERROR;
				CLANG_WARN_QUOTED_INCLUDE_IN_FRAMEWORK_HEADER = YES;
				CLANG_WARN_RANGE_LOOP_ANALYSIS = YES;
				CLANG_WARN_STRICT_PROTOTYPES = YES;
				CLANG_WARN_SUSPICIOUS_MOVE = YES;
				CLANG_WARN_UNGUARDED_AVAILABILITY = YES_AGGRESSIVE;
				CLANG_WARN_UNREACHABLE_CODE = YES;
				CLANG_WARN__DUPLICATE_METHOD_MATCH = YES;
				COPY_PHASE_STRIP = NO;
				DEBUG_INFORMATION_FORMAT = "dwarf-with-dsym";
				ENABLE_NS_ASSERTIONS = NO;
				ENABLE_STRICT_OBJC_MSGSEND = YES;
				GCC_C_LANGUAGE_STANDARD = gnu11;
				GCC_NO_COMMON_BLOCKS = YES;
				GCC_WARN_64_TO_32_BIT_CONVERSION = YES;
				GCC_WARN_ABOUT_RETURN_TYPE = YES_ERROR;
				GCC_WARN_UNDECLARED_SELECTOR = YES;
				GCC_WARN_UNINITIALIZED_AUTOS = YES_AGGRESSIVE;
				GCC_WARN_UNUSED_FUNCTION = YES;
				GCC_WARN_UNUSED_VARIABLE = YES;
				INFOPLIST_KEY_NSMainNibFile = "";
				INFOPLIST_KEY_NSMainStoryboardFile = "";
				INFOPLIST_KEY_UIMainStoryboardFile = "";
				IPHONEOS_DEPLOYMENT_TARGET = 16.0;
				MTL_ENABLE_DEBUG_INFO = NO;
				MTL_FAST_MATH = YES;
				SDKROOT = iphoneos;
				SWIFT_COMPILATION_MODE = wholemodule;
				SWIFT_OPTIMIZATION_LEVEL = "-O";
				VALIDATE_PRODUCT = YES;
			};
			name = Release;
		};
		A63AEF0529B5DF13005EEBB7 /* Debug */ = {
			isa = XCBuildConfiguration;
			buildSettings = {
				ASSETCATALOG_COMPILER_APPICON_NAME = AppIcon;
				ASSETCATALOG_COMPILER_GLOBAL_ACCENT_COLOR_NAME = AccentColor;
				CODE_SIGN_STYLE = Automatic;
				CURRENT_PROJECT_VERSION = 1;
				DEVELOPMENT_TEAM = S8FBP4YLUA;
				GENERATE_INFOPLIST_FILE = YES;
				INFOPLIST_FILE = iBeacon/Info.plist;
				INFOPLIST_KEY_NSBluetoothAlwaysUsageDescription = "開啟藍芽";
				INFOPLIST_KEY_NSBluetoothPeripheralUsageDescription = "需要開啟藍芽";
				INFOPLIST_KEY_NSLocationAlwaysAndWhenInUseUsageDescription = "";
				INFOPLIST_KEY_NSLocationWhenInUseUsageDescription = "";
				INFOPLIST_KEY_NSMainNibFile = "";
				INFOPLIST_KEY_NSMainStoryboardFile = "";
				INFOPLIST_KEY_UIApplicationSupportsIndirectInputEvents = YES;
				INFOPLIST_KEY_UILaunchStoryboardName = LaunchScreen;
				INFOPLIST_KEY_UIMainStoryboardFile = "";
				INFOPLIST_KEY_UISupportedInterfaceOrientations_iPad = "UIInterfaceOrientationPortrait UIInterfaceOrientationPortraitUpsideDown UIInterfaceOrientationLandscapeLeft UIInterfaceOrientationLandscapeRight";
				INFOPLIST_KEY_UISupportedInterfaceOrientations_iPhone = "UIInterfaceOrientationPortrait UIInterfaceOrientationLandscapeLeft UIInterfaceOrientationLandscapeRight";
				IPHONEOS_DEPLOYMENT_TARGET = 16.1;
				LD_RUNPATH_SEARCH_PATHS = (
					"$(inherited)",
					"@executable_path/Frameworks",
				);
				MARKETING_VERSION = 1.0;
				PRODUCT_BUNDLE_IDENTIFIER = ios.iBeacon;
				PRODUCT_NAME = "$(TARGET_NAME)";
				SWIFT_EMIT_LOC_STRINGS = YES;
				SWIFT_VERSION = 5.0;
				TARGETED_DEVICE_FAMILY = "1,2";
			};
			name = Debug;
		};
		A63AEF0629B5DF13005EEBB7 /* Release */ = {
			isa = XCBuildConfiguration;
			buildSettings = {
				ASSETCATALOG_COMPILER_APPICON_NAME = AppIcon;
				ASSETCATALOG_COMPILER_GLOBAL_ACCENT_COLOR_NAME = AccentColor;
				CODE_SIGN_STYLE = Automatic;
				CURRENT_PROJECT_VERSION = 1;
				DEVELOPMENT_TEAM = S8FBP4YLUA;
				GENERATE_INFOPLIST_FILE = YES;
				INFOPLIST_FILE = iBeacon/Info.plist;
				INFOPLIST_KEY_NSBluetoothAlwaysUsageDescription = "開啟藍芽";
				INFOPLIST_KEY_NSBluetoothPeripheralUsageDescription = "需要開啟藍芽";
				INFOPLIST_KEY_NSLocationAlwaysAndWhenInUseUsageDescription = "";
				INFOPLIST_KEY_NSLocationWhenInUseUsageDescription = "";
				INFOPLIST_KEY_NSMainNibFile = "";
				INFOPLIST_KEY_NSMainStoryboardFile = "";
				INFOPLIST_KEY_UIApplicationSupportsIndirectInputEvents = YES;
				INFOPLIST_KEY_UILaunchStoryboardName = LaunchScreen;
				INFOPLIST_KEY_UIMainStoryboardFile = "";
				INFOPLIST_KEY_UISupportedInterfaceOrientations_iPad = "UIInterfaceOrientationPortrait UIInterfaceOrientationPortraitUpsideDown UIInterfaceOrientationLandscapeLeft UIInterfaceOrientationLandscapeRight";
				INFOPLIST_KEY_UISupportedInterfaceOrientations_iPhone = "UIInterfaceOrientationPortrait UIInterfaceOrientationLandscapeLeft UIInterfaceOrientationLandscapeRight";
				IPHONEOS_DEPLOYMENT_TARGET = 16.1;
				LD_RUNPATH_SEARCH_PATHS = (
					"$(inherited)",
					"@executable_path/Frameworks",
				);
				MARKETING_VERSION = 1.0;
				PRODUCT_BUNDLE_IDENTIFIER = ios.iBeacon;
				PRODUCT_NAME = "$(TARGET_NAME)";
				SWIFT_EMIT_LOC_STRINGS = YES;
				SWIFT_VERSION = 5.0;
				TARGETED_DEVICE_FAMILY = "1,2";
			};
			name = Release;
		};
/* End XCBuildConfiguration section */

/* Begin XCConfigurationList section */
		A630D5E029B8D62F00EC8EC0 /* Build configuration list for PBXNativeTarget "iBeaconTests" */ = {
			isa = XCConfigurationList;
			buildConfigurations = (
				A630D5E129B8D62F00EC8EC0 /* Debug */,
				A630D5E229B8D62F00EC8EC0 /* Release */,
			);
			defaultConfigurationIsVisible = 0;
			defaultConfigurationName = Release;
		};
		A63AEEEB29B5DF0F005EEBB7 /* Build configuration list for PBXProject "iBeacon" */ = {
			isa = XCConfigurationList;
			buildConfigurations = (
				A63AEF0229B5DF13005EEBB7 /* Debug */,
				A63AEF0329B5DF13005EEBB7 /* Release */,
			);
			defaultConfigurationIsVisible = 0;
			defaultConfigurationName = Release;
		};
		A63AEF0429B5DF13005EEBB7 /* Build configuration list for PBXNativeTarget "iBeacon" */ = {
			isa = XCConfigurationList;
			buildConfigurations = (
				A63AEF0529B5DF13005EEBB7 /* Debug */,
				A63AEF0629B5DF13005EEBB7 /* Release */,
			);
			defaultConfigurationIsVisible = 0;
			defaultConfigurationName = Release;
		};
/* End XCConfigurationList section */
	};
	rootObject = A63AEEE829B5DF0F005EEBB7 /* Project object */;
}
